
Microsoft Visual Studio Solution File, Format Version 11.00
# Visual Studio 2010
# SharpDevelop 4.2.0.8783
Project("{FAE04EC0-301F-11D3-BF4B-00C04F79EFBC}") = "myChild1", "myChild1\myChild1.csproj", "{AF5593A9-A643-4205-B4A3-14AD8F42CA3D}"
EndProject
Global
	GlobalSection(SolutionConfigurationPlatforms) = preSolution
		Debug|Any CPU = Debug|Any CPU
		Release|Any CPU = Release|Any CPU
	EndGlobalSection
	GlobalSection(ProjectConfigurationPlatforms) = postSolution
		{AF5593A9-A643-4205-B4A3-14AD8F42CA3D}.Debug|Any CPU.Build.0 = Debug|Any CPU
		{AF5593A9-A643-4205-B4A3-14AD8F42CA3D}.Debug|Any CPU.ActiveCfg = Debug|Any CPU
		{AF5593A9-A643-4205-B4A3-14AD8F42CA3D}.Release|Any CPU.Build.0 = Release|Any CPU
		{AF5593A9-A643-4205-B4A3-14AD8F42CA3D}.Release|Any CPU.ActiveCfg = Release|Any CPU
	EndGlobalSection
EndGlobal
